
Microsoft Visual Studio Solution File, Format Version 12.00
# Visual Studio 14
VisualStudioVersion = 14.0.25420.1
MinimumVisualStudioVersion = 10.0.40219.1
Project("{2150E333-8FDC-42A3-9474-1A3956D46DE8}") = "src", "src", "{56145B3C-74F3-4A72-A21D-1BF40C72983F}"
EndProject
Project("{2150E333-8FDC-42A3-9474-1A3956D46DE8}") = "Solution Items", "Solution Items", "{5C3191C4-6A24-4097-BF7C-7239ACF4E00A}"
	ProjectSection(SolutionItems) = preProject
		global.json = global.json
	EndProjectSection
EndProject
Project("{8BB2217D-0F2D-49D1-97BC-3654ED321F3B}") = "JSChecker.TestService", "src\JSChecker.TestService\JSChecker.TestService.xproj", "{08AF349C-1DA4-4509-94D8-819DF8673637}"
EndProject
Global
	GlobalSection(SolutionConfigurationPlatforms) = preSolution
		Debug|Any CPU = Debug|Any CPU
		Release|Any CPU = Release|Any CPU
	EndGlobalSection
	GlobalSection(ProjectConfigurationPlatforms) = postSolution
		{08AF349C-1DA4-4509-94D8-819DF8673637}.Debug|Any CPU.ActiveCfg = Debug|Any CPU
		{08AF349C-1DA4-4509-94D8-819DF8673637}.Debug|Any CPU.Build.0 = Debug|Any CPU
		{08AF349C-1DA4-4509-94D8-819DF8673637}.Release|Any CPU.ActiveCfg = Release|Any CPU
		{08AF349C-1DA4-4509-94D8-819DF8673637}.Release|Any CPU.Build.0 = Release|Any CPU
	EndGlobalSection
	GlobalSection(SolutionProperties) = preSolution
		HideSolutionNode = FALSE
	EndGlobalSection
	GlobalSection(NestedProjects) = preSolution
		{08AF349C-1DA4-4509-94D8-819DF8673637} = {56145B3C-74F3-4A72-A21D-1BF40C72983F}
	EndGlobalSection
EndGlobal
